// !$*UTF8*$!
{
	archiveVersion = 1;
	classes = {
	};
	objectVersion = 50;
	objects = {

/* Begin PBXBuildFile section */
		266CC6AEC0A7930ED760460F /* libPods-BaseProjUITests.a in Frameworks */ = {isa = PBXBuildFile; fileRef = 571DE033038D755ABD2127F5 /* libPods-BaseProjUITests.a */; };
		61522576C83227C2588CF8A6 /* libPods-BaseProjTests.a in Frameworks */ = {isa = PBXBuildFile; fileRef = AF8A41B83687639C661FFB56 /* libPods-BaseProjTests.a */; };
		D9E0D30921D1BE8100A03E2C /* AppDelegate.m in Sources */ = {isa = PBXBuildFile; fileRef = D9E0D30821D1BE8100A03E2C /* AppDelegate.m */; };
		D9E0D30C21D1BE8100A03E2C /* ViewController.m in Sources */ = {isa = PBXBuildFile; fileRef = D9E0D30B21D1BE8100A03E2C /* ViewController.m */; };
		D9E0D30F21D1BE8100A03E2C /* Main.storyboard in Resources */ = {isa = PBXBuildFile; fileRef = D9E0D30D21D1BE8100A03E2C /* Main.storyboard */; };
		D9E0D31121D1BE8200A03E2C /* Assets.xcassets in Resources */ = {isa = PBXBuildFile; fileRef = D9E0D31021D1BE8200A03E2C /* Assets.xcassets */; };
		D9E0D31421D1BE8300A03E2C /* LaunchScreen.storyboard in Resources */ = {isa = PBXBuildFile; fileRef = D9E0D31221D1BE8200A03E2C /* LaunchScreen.storyboard */; };
		D9E0D31721D1BE8300A03E2C /* main.m in Sources */ = {isa = PBXBuildFile; fileRef = D9E0D31621D1BE8300A03E2C /* main.m */; };
		D9E0D32121D1BE8300A03E2C /* BaseProjTests.m in Sources */ = {isa = PBXBuildFile; fileRef = D9E0D32021D1BE8300A03E2C /* BaseProjTests.m */; };
		D9E0D32C21D1BE8300A03E2C /* BaseProjUITests.m in Sources */ = {isa = PBXBuildFile; fileRef = D9E0D32B21D1BE8300A03E2C /* BaseProjUITests.m */; };
		D9E0D34621D1BEAA00A03E2C /* UIView+capture.m in Sources */ = {isa = PBXBuildFile; fileRef = D9E0D33A21D1BEAA00A03E2C /* UIView+capture.m */; };
		D9E0D34721D1BEAA00A03E2C /* NSDictionary+CheakValue.m in Sources */ = {isa = PBXBuildFile; fileRef = D9E0D33C21D1BEAA00A03E2C /* NSDictionary+CheakValue.m */; };
		D9E0D34821D1BEAA00A03E2C /* UIIamge+FixOrien.m in Sources */ = {isa = PBXBuildFile; fileRef = D9E0D33D21D1BEAA00A03E2C /* UIIamge+FixOrien.m */; };
		D9E0D34921D1BEAA00A03E2C /* UIView+KGViewExtend.m in Sources */ = {isa = PBXBuildFile; fileRef = D9E0D33F21D1BEAA00A03E2C /* UIView+KGViewExtend.m */; };
		D9E0D34A21D1BEAA00A03E2C /* UIColor+RGB.m in Sources */ = {isa = PBXBuildFile; fileRef = D9E0D34121D1BEAA00A03E2C /* UIColor+RGB.m */; };
		D9E0D34B21D1BEAA00A03E2C /* NSString+Cheak.m in Sources */ = {isa = PBXBuildFile; fileRef = D9E0D34321D1BEAA00A03E2C /* NSString+Cheak.m */; };
		D9E0D35221D1C23400A03E2C /* RequestManger.m in Sources */ = {isa = PBXBuildFile; fileRef = D9E0D35121D1C23400A03E2C /* RequestManger.m */; };
		D9E0D35721D1C24E00A03E2C /* GLineView.m in Sources */ = {isa = PBXBuildFile; fileRef = D9E0D35521D1C24E00A03E2C /* GLineView.m */; };
		D9E0D35A21D1C29300A03E2C /* AppAlertView.m in Sources */ = {isa = PBXBuildFile; fileRef = D9E0D35921D1C29300A03E2C /* AppAlertView.m */; };
		D9E0D36E21D1C35300A03E2C /* HeadView.m in Sources */ = {isa = PBXBuildFile; fileRef = D9E0D36C21D1C35300A03E2C /* HeadView.m */; };
		D9E0D37121D1C36900A03E2C /* MainCtr.m in Sources */ = {isa = PBXBuildFile; fileRef = D9E0D37021D1C36900A03E2C /* MainCtr.m */; };
		D9E0D37C21D1CE4800A03E2C /* LoginCtr.m in Sources */ = {isa = PBXBuildFile; fileRef = D9E0D37321D1CE4800A03E2C /* LoginCtr.m */; };
		D9E0D37D21D1CE4800A03E2C /* RegisterCtr.m in Sources */ = {isa = PBXBuildFile; fileRef = D9E0D37421D1CE4800A03E2C /* RegisterCtr.m */; };
		D9E0D37E21D1CE4800A03E2C /* UserNotice.m in Sources */ = {isa = PBXBuildFile; fileRef = D9E0D37621D1CE4800A03E2C /* UserNotice.m */; };
		D9E0D37F21D1CE4800A03E2C /* userNotice.docx in Resources */ = {isa = PBXBuildFile; fileRef = D9E0D37921D1CE4800A03E2C /* userNotice.docx */; };
		D9E0D38021D1CE4800A03E2C /* BangDingCtr.m in Sources */ = {isa = PBXBuildFile; fileRef = D9E0D37A21D1CE4800A03E2C /* BangDingCtr.m */; };
		F3021BE376CAF63778FF1E64 /* libPods-BaseProj.a in Frameworks */ = {isa = PBXBuildFile; fileRef = 0E4D851C5541B9FA2A6D5FEA /* libPods-BaseProj.a */; };
/* End PBXBuildFile section */

/* Begin PBXContainerItemProxy section */
		D9E0D31D21D1BE8300A03E2C /* PBXContainerItemProxy */ = {
			isa = PBXContainerItemProxy;
			containerPortal = D9E0D2FC21D1BE8100A03E2C /* Project object */;
			proxyType = 1;
			remoteGlobalIDString = D9E0D30321D1BE8100A03E2C;
			remoteInfo = BaseProj;
		};
		D9E0D32821D1BE8300A03E2C /* PBXContainerItemProxy */ = {
			isa = PBXContainerItemProxy;
			containerPortal = D9E0D2FC21D1BE8100A03E2C /* Project object */;
			proxyType = 1;
			remoteGlobalIDString = D9E0D30321D1BE8100A03E2C;
			remoteInfo = BaseProj;
		};
/* End PBXContainerItemProxy section */

/* Begin PBXFileReference section */
		0E4D851C5541B9FA2A6D5FEA /* libPods-BaseProj.a */ = {isa = PBXFileReference; explicitFileType = archive.ar; includeInIndex = 0; path = "libPods-BaseProj.a"; sourceTree = BUILT_PRODUCTS_DIR; };
		385717E47563B25AF1841713 /* Pods-BaseProjUITests.debug.xcconfig */ = {isa = PBXFileReference; includeInIndex = 1; lastKnownFileType = text.xcconfig; name = "Pods-BaseProjUITests.debug.xcconfig"; path = "Pods/Target Support Files/Pods-BaseProjUITests/Pods-BaseProjUITests.debug.xcconfig"; sourceTree = "<group>"; };
		571DE033038D755ABD2127F5 /* libPods-BaseProjUITests.a */ = {isa = PBXFileReference; explicitFileType = archive.ar; includeInIndex = 0; path = "libPods-BaseProjUITests.a"; sourceTree = BUILT_PRODUCTS_DIR; };
		66D4E91562BBD8C344D2A0A9 /* Pods-BaseProj.debug.xcconfig */ = {isa = PBXFileReference; includeInIndex = 1; lastKnownFileType = text.xcconfig; name = "Pods-BaseProj.debug.xcconfig"; path = "Pods/Target Support Files/Pods-BaseProj/Pods-BaseProj.debug.xcconfig"; sourceTree = "<group>"; };
		68AACB7C483975F0A237033E /* Pods-BaseProj.release.xcconfig */ = {isa = PBXFileReference; includeInIndex = 1; lastKnownFileType = text.xcconfig; name = "Pods-BaseProj.release.xcconfig"; path = "Pods/Target Support Files/Pods-BaseProj/Pods-BaseProj.release.xcconfig"; sourceTree = "<group>"; };
		AF8A41B83687639C661FFB56 /* libPods-BaseProjTests.a */ = {isa = PBXFileReference; explicitFileType = archive.ar; includeInIndex = 0; path = "libPods-BaseProjTests.a"; sourceTree = BUILT_PRODUCTS_DIR; };
		D9E0D30421D1BE8100A03E2C /* BaseProj.app */ = {isa = PBXFileReference; explicitFileType = wrapper.application; includeInIndex = 0; path = BaseProj.app; sourceTree = BUILT_PRODUCTS_DIR; };
		D9E0D30721D1BE8100A03E2C /* AppDelegate.h */ = {isa = PBXFileReference; lastKnownFileType = sourcecode.c.h; path = AppDelegate.h; sourceTree = "<group>"; };
		D9E0D30821D1BE8100A03E2C /* AppDelegate.m */ = {isa = PBXFileReference; lastKnownFileType = sourcecode.c.objc; path = AppDelegate.m; sourceTree = "<group>"; };
		D9E0D30A21D1BE8100A03E2C /* ViewController.h */ = {isa = PBXFileReference; lastKnownFileType = sourcecode.c.h; path = ViewController.h; sourceTree = "<group>"; };
		D9E0D30B21D1BE8100A03E2C /* ViewController.m */ = {isa = PBXFileReference; lastKnownFileType = sourcecode.c.objc; path = ViewController.m; sourceTree = "<group>"; };
		D9E0D30E21D1BE8100A03E2C /* Base */ = {isa = PBXFileReference; lastKnownFileType = file.storyboard; name = Base; path = Base.lproj/Main.storyboard; sourceTree = "<group>"; };
		D9E0D31021D1BE8200A03E2C /* Assets.xcassets */ = {isa = PBXFileReference; lastKnownFileType = folder.assetcatalog; path = Assets.xcassets; sourceTree = "<group>"; };
		D9E0D31321D1BE8200A03E2C /* Base */ = {isa = PBXFileReference; lastKnownFileType = file.storyboard; name = Base; path = Base.lproj/LaunchScreen.storyboard; sourceTree = "<group>"; };
		D9E0D31521D1BE8300A03E2C /* Info.plist */ = {isa = PBXFileReference; lastKnownFileType = text.plist.xml; path = Info.plist; sourceTree = "<group>"; };
		D9E0D31621D1BE8300A03E2C /* main.m */ = {isa = PBXFileReference; lastKnownFileType = sourcecode.c.objc; path = main.m; sourceTree = "<group>"; };
		D9E0D31C21D1BE8300A03E2C /* BaseProjTests.xctest */ = {isa = PBXFileReference; explicitFileType = wrapper.cfbundle; includeInIndex = 0; path = BaseProjTests.xctest; sourceTree = BUILT_PRODUCTS_DIR; };
		D9E0D32021D1BE8300A03E2C /* BaseProjTests.m */ = {isa = PBXFileReference; lastKnownFileType = sourcecode.c.objc; path = BaseProjTests.m; sourceTree = "<group>"; };
		D9E0D32221D1BE8300A03E2C /* Info.plist */ = {isa = PBXFileReference; lastKnownFileType = text.plist.xml; path = Info.plist; sourceTree = "<group>"; };
		D9E0D32721D1BE8300A03E2C /* BaseProjUITests.xctest */ = {isa = PBXFileReference; explicitFileType = wrapper.cfbundle; includeInIndex = 0; path = BaseProjUITests.xctest; sourceTree = BUILT_PRODUCTS_DIR; };
		D9E0D32B21D1BE8300A03E2C /* BaseProjUITests.m */ = {isa = PBXFileReference; lastKnownFileType = sourcecode.c.objc; path = BaseProjUITests.m; sourceTree = "<group>"; };
		D9E0D32D21D1BE8300A03E2C /* Info.plist */ = {isa = PBXFileReference; lastKnownFileType = text.plist.xml; path = Info.plist; sourceTree = "<group>"; };
		D9E0D33A21D1BEAA00A03E2C /* UIView+capture.m */ = {isa = PBXFileReference; fileEncoding = 4; lastKnownFileType = sourcecode.c.objc; path = "UIView+capture.m"; sourceTree = "<group>"; };
		D9E0D33B21D1BEAA00A03E2C /* UIColor+RGB.h */ = {isa = PBXFileReference; fileEncoding = 4; lastKnownFileType = sourcecode.c.h; path = "UIColor+RGB.h"; sourceTree = "<group>"; };
		D9E0D33C21D1BEAA00A03E2C /* NSDictionary+CheakValue.m */ = {isa = PBXFileReference; fileEncoding = 4; lastKnownFileType = sourcecode.c.objc; path = "NSDictionary+CheakValue.m"; sourceTree = "<group>"; };
		D9E0D33D21D1BEAA00A03E2C /* UIIamge+FixOrien.m */ = {isa = PBXFileReference; fileEncoding = 4; lastKnownFileType = sourcecode.c.objc; path = "UIIamge+FixOrien.m"; sourceTree = "<group>"; };
		D9E0D33E21D1BEAA00A03E2C /* NSString+Cheak.h */ = {isa = PBXFileReference; fileEncoding = 4; lastKnownFileType = sourcecode.c.h; path = "NSString+Cheak.h"; sourceTree = "<group>"; };
		D9E0D33F21D1BEAA00A03E2C /* UIView+KGViewExtend.m */ = {isa = PBXFileReference; fileEncoding = 4; lastKnownFileType = sourcecode.c.objc; path = "UIView+KGViewExtend.m"; sourceTree = "<group>"; };
		D9E0D34021D1BEAA00A03E2C /* NSDictionary+CheakValue.h */ = {isa = PBXFileReference; fileEncoding = 4; lastKnownFileType = sourcecode.c.h; path = "NSDictionary+CheakValue.h"; sourceTree = "<group>"; };
		D9E0D34121D1BEAA00A03E2C /* UIColor+RGB.m */ = {isa = PBXFileReference; fileEncoding = 4; lastKnownFileType = sourcecode.c.objc; path = "UIColor+RGB.m"; sourceTree = "<group>"; };
		D9E0D34221D1BEAA00A03E2C /* UIView+capture.h */ = {isa = PBXFileReference; fileEncoding = 4; lastKnownFileType = sourcecode.c.h; path = "UIView+capture.h"; sourceTree = "<group>"; };
		D9E0D34321D1BEAA00A03E2C /* NSString+Cheak.m */ = {isa = PBXFileReference; fileEncoding = 4; lastKnownFileType = sourcecode.c.objc; path = "NSString+Cheak.m"; sourceTree = "<group>"; };
		D9E0D34421D1BEAA00A03E2C /* UIIamge+FixOrien.h */ = {isa = PBXFileReference; fileEncoding = 4; lastKnownFileType = sourcecode.c.h; path = "UIIamge+FixOrien.h"; sourceTree = "<group>"; };
		D9E0D34521D1BEAA00A03E2C /* UIView+KGViewExtend.h */ = {isa = PBXFileReference; fileEncoding = 4; lastKnownFileType = sourcecode.c.h; path = "UIView+KGViewExtend.h"; sourceTree = "<group>"; };
		D9E0D34D21D1BEC800A03E2C /* AppMacro.h */ = {isa = PBXFileReference; fileEncoding = 4; lastKnownFileType = sourcecode.c.h; path = AppMacro.h; sourceTree = "<group>"; };
		D9E0D34E21D1BFF900A03E2C /* PrefixHeader.pch */ = {isa = PBXFileReference; fileEncoding = 4; lastKnownFileType = sourcecode.c.h; path = PrefixHeader.pch; sourceTree = "<group>"; };
		D9E0D35021D1C23400A03E2C /* RequestManger.h */ = {isa = PBXFileReference; fileEncoding = 4; lastKnownFileType = sourcecode.c.h; path = RequestManger.h; sourceTree = "<group>"; };
		D9E0D35121D1C23400A03E2C /* RequestManger.m */ = {isa = PBXFileReference; fileEncoding = 4; lastKnownFileType = sourcecode.c.objc; path = RequestManger.m; sourceTree = "<group>"; };
		D9E0D35521D1C24E00A03E2C /* GLineView.m */ = {isa = PBXFileReference; fileEncoding = 4; lastKnownFileType = sourcecode.c.objc; path = GLineView.m; sourceTree = "<group>"; };
		D9E0D35621D1C24E00A03E2C /* GLineView.h */ = {isa = PBXFileReference; fileEncoding = 4; lastKnownFileType = sourcecode.c.h; path = GLineView.h; sourceTree = "<group>"; };
		D9E0D35821D1C29300A03E2C /* AppAlertView.h */ = {isa = PBXFileReference; fileEncoding = 4; lastKnownFileType = sourcecode.c.h; path = AppAlertView.h; sourceTree = "<group>"; };
		D9E0D35921D1C29300A03E2C /* AppAlertView.m */ = {isa = PBXFileReference; fileEncoding = 4; lastKnownFileType = sourcecode.c.objc; path = AppAlertView.m; sourceTree = "<group>"; };
		D9E0D36C21D1C35300A03E2C /* HeadView.m */ = {isa = PBXFileReference; fileEncoding = 4; lastKnownFileType = sourcecode.c.objc; path = HeadView.m; sourceTree = "<group>"; };
		D9E0D36D21D1C35300A03E2C /* HeadView.h */ = {isa = PBXFileReference; fileEncoding = 4; lastKnownFileType = sourcecode.c.h; path = HeadView.h; sourceTree = "<group>"; };
		D9E0D36F21D1C36900A03E2C /* MainCtr.h */ = {isa = PBXFileReference; fileEncoding = 4; lastKnownFileType = sourcecode.c.h; path = MainCtr.h; sourceTree = "<group>"; };
		D9E0D37021D1C36900A03E2C /* MainCtr.m */ = {isa = PBXFileReference; fileEncoding = 4; lastKnownFileType = sourcecode.c.objc; path = MainCtr.m; sourceTree = "<group>"; };
		D9E0D37321D1CE4800A03E2C /* LoginCtr.m */ = {isa = PBXFileReference; fileEncoding = 4; lastKnownFileType = sourcecode.c.objc; path = LoginCtr.m; sourceTree = "<group>"; };
		D9E0D37421D1CE4800A03E2C /* RegisterCtr.m */ = {isa = PBXFileReference; fileEncoding = 4; lastKnownFileType = sourcecode.c.objc; path = RegisterCtr.m; sourceTree = "<group>"; };
		D9E0D37521D1CE4800A03E2C /* BangDingCtr.h */ = {isa = PBXFileReference; fileEncoding = 4; lastKnownFileType = sourcecode.c.h; path = BangDingCtr.h; sourceTree = "<group>"; };
		D9E0D37621D1CE4800A03E2C /* UserNotice.m */ = {isa = PBXFileReference; fileEncoding = 4; lastKnownFileType = sourcecode.c.objc; path = UserNotice.m; sourceTree = "<group>"; };
		D9E0D37721D1CE4800A03E2C /* RegisterCtr.h */ = {isa = PBXFileReference; fileEncoding = 4; lastKnownFileType = sourcecode.c.h; path = RegisterCtr.h; sourceTree = "<group>"; };
		D9E0D37821D1CE4800A03E2C /* LoginCtr.h */ = {isa = PBXFileReference; fileEncoding = 4; lastKnownFileType = sourcecode.c.h; path = LoginCtr.h; sourceTree = "<group>"; };
		D9E0D37921D1CE4800A03E2C /* userNotice.docx */ = {isa = PBXFileReference; lastKnownFileType = file; path = userNotice.docx; sourceTree = "<group>"; };
		D9E0D37A21D1CE4800A03E2C /* BangDingCtr.m */ = {isa = PBXFileReference; fileEncoding = 4; lastKnownFileType = sourcecode.c.objc; path = BangDingCtr.m; sourceTree = "<group>"; };
		D9E0D37B21D1CE4800A03E2C /* UserNotice.h */ = {isa = PBXFileReference; fileEncoding = 4; lastKnownFileType = sourcecode.c.h; path = UserNotice.h; sourceTree = "<group>"; };
		E1DAD101EB2F5962AA126302 /* Pods-BaseProjTests.debug.xcconfig */ = {isa = PBXFileReference; includeInIndex = 1; lastKnownFileType = text.xcconfig; name = "Pods-BaseProjTests.debug.xcconfig"; path = "Pods/Target Support Files/Pods-BaseProjTests/Pods-BaseProjTests.debug.xcconfig"; sourceTree = "<group>"; };
		E726F1A9E6C7793AD6126438 /* Pods-BaseProjTests.release.xcconfig */ = {isa = PBXFileReference; includeInIndex = 1; lastKnownFileType = text.xcconfig; name = "Pods-BaseProjTests.release.xcconfig"; path = "Pods/Target Support Files/Pods-BaseProjTests/Pods-BaseProjTests.release.xcconfig"; sourceTree = "<group>"; };
		F213EC339A6F011C712F1219 /* Pods-BaseProjUITests.release.xcconfig */ = {isa = PBXFileReference; includeInIndex = 1; lastKnownFileType = text.xcconfig; name = "Pods-BaseProjUITests.release.xcconfig"; path = "Pods/Target Support Files/Pods-BaseProjUITests/Pods-BaseProjUITests.release.xcconfig"; sourceTree = "<group>"; };
/* End PBXFileReference section */

/* Begin PBXFrameworksBuildPhase section */
		D9E0D30121D1BE8100A03E2C /* Frameworks */ = {
			isa = PBXFrameworksBuildPhase;
			buildActionMask = 2147483647;
			files = (
				F3021BE376CAF63778FF1E64 /* libPods-BaseProj.a in Frameworks */,
			);
			runOnlyForDeploymentPostprocessing = 0;
		};
		D9E0D31921D1BE8300A03E2C /* Frameworks */ = {
			isa = PBXFrameworksBuildPhase;
			buildActionMask = 2147483647;
			files = (
				61522576C83227C2588CF8A6 /* libPods-BaseProjTests.a in Frameworks */,
			);
			runOnlyForDeploymentPostprocessing = 0;
		};
		D9E0D32421D1BE8300A03E2C /* Frameworks */ = {
			isa = PBXFrameworksBuildPhase;
			buildActionMask = 2147483647;
			files = (
				266CC6AEC0A7930ED760460F /* libPods-BaseProjUITests.a in Frameworks */,
			);
			runOnlyForDeploymentPostprocessing = 0;
		};
/* End PBXFrameworksBuildPhase section */

/* Begin PBXGroup section */
		6A66010F4469BD0501B6DC28 /* Pods */ = {
			isa = PBXGroup;
			children = (
				66D4E91562BBD8C344D2A0A9 /* Pods-BaseProj.debug.xcconfig */,
				68AACB7C483975F0A237033E /* Pods-BaseProj.release.xcconfig */,
				E1DAD101EB2F5962AA126302 /* Pods-BaseProjTests.debug.xcconfig */,
				E726F1A9E6C7793AD6126438 /* Pods-BaseProjTests.release.xcconfig */,
				385717E47563B25AF1841713 /* Pods-BaseProjUITests.debug.xcconfig */,
				F213EC339A6F011C712F1219 /* Pods-BaseProjUITests.release.xcconfig */,
			);
			name = Pods;
			sourceTree = "<group>";
		};
		D9E0D2FB21D1BE8100A03E2C = {
			isa = PBXGroup;
			children = (
				D9E0D30621D1BE8100A03E2C /* BaseProj */,
				D9E0D31F21D1BE8300A03E2C /* BaseProjTests */,
				D9E0D32A21D1BE8300A03E2C /* BaseProjUITests */,
				D9E0D30521D1BE8100A03E2C /* Products */,
				6A66010F4469BD0501B6DC28 /* Pods */,
				DD9DC19A136770297AFA5903 /* Frameworks */,
			);
			sourceTree = "<group>";
		};
		D9E0D30521D1BE8100A03E2C /* Products */ = {
			isa = PBXGroup;
			children = (
				D9E0D30421D1BE8100A03E2C /* BaseProj.app */,
				D9E0D31C21D1BE8300A03E2C /* BaseProjTests.xctest */,
				D9E0D32721D1BE8300A03E2C /* BaseProjUITests.xctest */,
			);
			name = Products;
			sourceTree = "<group>";
		};
		D9E0D30621D1BE8100A03E2C /* BaseProj */ = {
			isa = PBXGroup;
			children = (
				D9E0D35B21D1C2E700A03E2C /* class */,
				D9E0D34F21D1C22800A03E2C /* base */,
				D9E0D34C21D1BEC800A03E2C /* Macro */,
				D9E0D33921D1BEAA00A03E2C /* category */,
				D9E0D30721D1BE8100A03E2C /* AppDelegate.h */,
				D9E0D30821D1BE8100A03E2C /* AppDelegate.m */,
				D9E0D36F21D1C36900A03E2C /* MainCtr.h */,
				D9E0D37021D1C36900A03E2C /* MainCtr.m */,
				D9E0D30A21D1BE8100A03E2C /* ViewController.h */,
				D9E0D30B21D1BE8100A03E2C /* ViewController.m */,
				D9E0D30D21D1BE8100A03E2C /* Main.storyboard */,
				D9E0D31021D1BE8200A03E2C /* Assets.xcassets */,
				D9E0D31221D1BE8200A03E2C /* LaunchScreen.storyboard */,
				D9E0D31521D1BE8300A03E2C /* Info.plist */,
				D9E0D31621D1BE8300A03E2C /* main.m */,
				D9E0D34E21D1BFF900A03E2C /* PrefixHeader.pch */,
			);
			path = BaseProj;
			sourceTree = "<group>";
		};
		D9E0D31F21D1BE8300A03E2C /* BaseProjTests */ = {
			isa = PBXGroup;
			children = (
				D9E0D32021D1BE8300A03E2C /* BaseProjTests.m */,
				D9E0D32221D1BE8300A03E2C /* Info.plist */,
			);
			path = BaseProjTests;
			sourceTree = "<group>";
		};
		D9E0D32A21D1BE8300A03E2C /* BaseProjUITests */ = {
			isa = PBXGroup;
			children = (
				D9E0D32B21D1BE8300A03E2C /* BaseProjUITests.m */,
				D9E0D32D21D1BE8300A03E2C /* Info.plist */,
			);
			path = BaseProjUITests;
			sourceTree = "<group>";
		};
		D9E0D33921D1BEAA00A03E2C /* category */ = {
			isa = PBXGroup;
			children = (
				D9E0D33A21D1BEAA00A03E2C /* UIView+capture.m */,
				D9E0D33B21D1BEAA00A03E2C /* UIColor+RGB.h */,
				D9E0D33C21D1BEAA00A03E2C /* NSDictionary+CheakValue.m */,
				D9E0D33D21D1BEAA00A03E2C /* UIIamge+FixOrien.m */,
				D9E0D33E21D1BEAA00A03E2C /* NSString+Cheak.h */,
				D9E0D33F21D1BEAA00A03E2C /* UIView+KGViewExtend.m */,
				D9E0D34021D1BEAA00A03E2C /* NSDictionary+CheakValue.h */,
				D9E0D34121D1BEAA00A03E2C /* UIColor+RGB.m */,
				D9E0D34221D1BEAA00A03E2C /* UIView+capture.h */,
				D9E0D34321D1BEAA00A03E2C /* NSString+Cheak.m */,
				D9E0D34421D1BEAA00A03E2C /* UIIamge+FixOrien.h */,
				D9E0D34521D1BEAA00A03E2C /* UIView+KGViewExtend.h */,
			);
			path = category;
			sourceTree = "<group>";
		};
		D9E0D34C21D1BEC800A03E2C /* Macro */ = {
			isa = PBXGroup;
			children = (
				D9E0D34D21D1BEC800A03E2C /* AppMacro.h */,
			);
			path = Macro;
			sourceTree = "<group>";
		};
		D9E0D34F21D1C22800A03E2C /* base */ = {
			isa = PBXGroup;
			children = (
				D9E0D35421D1C24700A03E2C /* view */,
				D9E0D35321D1C23700A03E2C /* request */,
			);
			path = base;
			sourceTree = "<group>";
		};
		D9E0D35321D1C23700A03E2C /* request */ = {
			isa = PBXGroup;
			children = (
				D9E0D35021D1C23400A03E2C /* RequestManger.h */,
				D9E0D35121D1C23400A03E2C /* RequestManger.m */,
			);
			path = request;
			sourceTree = "<group>";
		};
		D9E0D35421D1C24700A03E2C /* view */ = {
			isa = PBXGroup;
			children = (
				D9E0D36D21D1C35300A03E2C /* HeadView.h */,
				D9E0D36C21D1C35300A03E2C /* HeadView.m */,
				D9E0D35821D1C29300A03E2C /* AppAlertView.h */,
				D9E0D35921D1C29300A03E2C /* AppAlertView.m */,
				D9E0D35621D1C24E00A03E2C /* GLineView.h */,
				D9E0D35521D1C24E00A03E2C /* GLineView.m */,
			);
			path = view;
			sourceTree = "<group>";
		};
		D9E0D35B21D1C2E700A03E2C /* class */ = {
			isa = PBXGroup;
			children = (
				D9E0D37221D1CE4800A03E2C /* login */,
			);
			path = class;
			sourceTree = "<group>";
		};
		D9E0D37221D1CE4800A03E2C /* login */ = {
			isa = PBXGroup;
			children = (
				D9E0D37521D1CE4800A03E2C /* BangDingCtr.h */,
				D9E0D37A21D1CE4800A03E2C /* BangDingCtr.m */,
				D9E0D37821D1CE4800A03E2C /* LoginCtr.h */,
				D9E0D37321D1CE4800A03E2C /* LoginCtr.m */,
				D9E0D37721D1CE4800A03E2C /* RegisterCtr.h */,
				D9E0D37421D1CE4800A03E2C /* RegisterCtr.m */,
				D9E0D37921D1CE4800A03E2C /* userNotice.docx */,
				D9E0D37B21D1CE4800A03E2C /* UserNotice.h */,
				D9E0D37621D1CE4800A03E2C /* UserNotice.m */,
			);
			path = login;
			sourceTree = "<group>";
		};
		DD9DC19A136770297AFA5903 /* Frameworks */ = {
			isa = PBXGroup;
			children = (
				0E4D851C5541B9FA2A6D5FEA /* libPods-BaseProj.a */,
				AF8A41B83687639C661FFB56 /* libPods-BaseProjTests.a */,
				571DE033038D755ABD2127F5 /* libPods-BaseProjUITests.a */,
			);
			name = Frameworks;
			sourceTree = "<group>";
		};
/* End PBXGroup section */

/* Begin PBXNativeTarget section */
		D9E0D30321D1BE8100A03E2C /* BaseProj */ = {
			isa = PBXNativeTarget;
			buildConfigurationList = D9E0D33021D1BE8300A03E2C /* Build configuration list for PBXNativeTarget "BaseProj" */;
			buildPhases = (
				266C681E094BB28D4768BB83 /* [CP] Check Pods Manifest.lock */,
				D9E0D30021D1BE8100A03E2C /* Sources */,
				D9E0D30121D1BE8100A03E2C /* Frameworks */,
				D9E0D30221D1BE8100A03E2C /* Resources */,
				4240DC8314A0068654467C10 /* [CP] Copy Pods Resources */,
			);
			buildRules = (
			);
			dependencies = (
			);
			name = BaseProj;
			productName = BaseProj;
			productReference = D9E0D30421D1BE8100A03E2C /* BaseProj.app */;
			productType = "com.apple.product-type.application";
		};
		D9E0D31B21D1BE8300A03E2C /* BaseProjTests */ = {
			isa = PBXNativeTarget;
			buildConfigurationList = D9E0D33321D1BE8300A03E2C /* Build configuration list for PBXNativeTarget "BaseProjTests" */;
			buildPhases = (
				B576B4ADA70B4C77DF721D21 /* [CP] Check Pods Manifest.lock */,
				D9E0D31821D1BE8300A03E2C /* Sources */,
				D9E0D31921D1BE8300A03E2C /* Frameworks */,
				D9E0D31A21D1BE8300A03E2C /* Resources */,
			);
			buildRules = (
			);
			dependencies = (
				D9E0D31E21D1BE8300A03E2C /* PBXTargetDependency */,
			);
			name = BaseProjTests;
			productName = BaseProjTests;
			productReference = D9E0D31C21D1BE8300A03E2C /* BaseProjTests.xctest */;
			productType = "com.apple.product-type.bundle.unit-test";
		};
		D9E0D32621D1BE8300A03E2C /* BaseProjUITests */ = {
			isa = PBXNativeTarget;
			buildConfigurationList = D9E0D33621D1BE8300A03E2C /* Build configuration list for PBXNativeTarget "BaseProjUITests" */;
			buildPhases = (
				67F7CC6D643D530B2C5E2273 /* [CP] Check Pods Manifest.lock */,
				D9E0D32321D1BE8300A03E2C /* Sources */,
				D9E0D32421D1BE8300A03E2C /* Frameworks */,
				D9E0D32521D1BE8300A03E2C /* Resources */,
			);
			buildRules = (
			);
			dependencies = (
				D9E0D32921D1BE8300A03E2C /* PBXTargetDependency */,
			);
			name = BaseProjUITests;
			productName = BaseProjUITests;
			productReference = D9E0D32721D1BE8300A03E2C /* BaseProjUITests.xctest */;
			productType = "com.apple.product-type.bundle.ui-testing";
		};
/* End PBXNativeTarget section */

/* Begin PBXProject section */
		D9E0D2FC21D1BE8100A03E2C /* Project object */ = {
			isa = PBXProject;
			attributes = {
				LastUpgradeCheck = 1000;
				ORGANIZATIONNAME = zhujunyu;
				TargetAttributes = {
					D9E0D30321D1BE8100A03E2C = {
						CreatedOnToolsVersion = 10.0;
					};
					D9E0D31B21D1BE8300A03E2C = {
						CreatedOnToolsVersion = 10.0;
						TestTargetID = D9E0D30321D1BE8100A03E2C;
					};
					D9E0D32621D1BE8300A03E2C = {
						CreatedOnToolsVersion = 10.0;
						TestTargetID = D9E0D30321D1BE8100A03E2C;
					};
				};
			};
			buildConfigurationList = D9E0D2FF21D1BE8100A03E2C /* Build configuration list for PBXProject "BaseProj" */;
			compatibilityVersion = "Xcode 9.3";
			developmentRegion = en;
			hasScannedForEncodings = 0;
			knownRegions = (
				en,
				Base,
			);
			mainGroup = D9E0D2FB21D1BE8100A03E2C;
			productRefGroup = D9E0D30521D1BE8100A03E2C /* Products */;
			projectDirPath = "";
			projectRoot = "";
			targets = (
				D9E0D30321D1BE8100A03E2C /* BaseProj */,
				D9E0D31B21D1BE8300A03E2C /* BaseProjTests */,
				D9E0D32621D1BE8300A03E2C /* BaseProjUITests */,
			);
		};
/* End PBXProject section */

/* Begin PBXResourcesBuildPhase section */
		D9E0D30221D1BE8100A03E2C /* Resources */ = {
			isa = PBXResourcesBuildPhase;
			buildActionMask = 2147483647;
			files = (
				D9E0D37F21D1CE4800A03E2C /* userNotice.docx in Resources */,
				D9E0D31421D1BE8300A03E2C /* LaunchScreen.storyboard in Resources */,
				D9E0D31121D1BE8200A03E2C /* Assets.xcassets in Resources */,
				D9E0D30F21D1BE8100A03E2C /* Main.storyboard in Resources */,
			);
			runOnlyForDeploymentPostprocessing = 0;
		};
		D9E0D31A21D1BE8300A03E2C /* Resources */ = {
			isa = PBXResourcesBuildPhase;
			buildActionMask = 2147483647;
			files = (
			);
			runOnlyForDeploymentPostprocessing = 0;
		};
		D9E0D32521D1BE8300A03E2C /* Resources */ = {
			isa = PBXResourcesBuildPhase;
			buildActionMask = 2147483647;
			files = (
			);
			runOnlyForDeploymentPostprocessing = 0;
		};
/* End PBXResourcesBuildPhase section */

/* Begin PBXShellScriptBuildPhase section */
		266C681E094BB28D4768BB83 /* [CP] Check Pods Manifest.lock */ = {
			isa = PBXShellScriptBuildPhase;
			buildActionMask = 2147483647;
			files = (
			);
			inputPaths = (
				"${PODS_PODFILE_DIR_PATH}/Podfile.lock",
				"${PODS_ROOT}/Manifest.lock",
			);
			name = "[CP] Check Pods Manifest.lock";
			outputPaths = (
				"$(DERIVED_FILE_DIR)/Pods-BaseProj-checkManifestLockResult.txt",
			);
			runOnlyForDeploymentPostprocessing = 0;
			shellPath = /bin/sh;
			shellScript = "diff \"${PODS_PODFILE_DIR_PATH}/Podfile.lock\" \"${PODS_ROOT}/Manifest.lock\" > /dev/null\nif [ $? != 0 ] ; then\n    # print error to STDERR\n    echo \"error: The sandbox is not in sync with the Podfile.lock. Run 'pod install' or update your CocoaPods installation.\" >&2\n    exit 1\nfi\n# This output is used by Xcode 'outputs' to avoid re-running this script phase.\necho \"SUCCESS\" > \"${SCRIPT_OUTPUT_FILE_0}\"\n";
			showEnvVarsInLog = 0;
		};
		4240DC8314A0068654467C10 /* [CP] Copy Pods Resources */ = {
			isa = PBXShellScriptBuildPhase;
			buildActionMask = 2147483647;
			files = (
			);
			inputPaths = (
				"${SRCROOT}/Pods/Target Support Files/Pods-BaseProj/Pods-BaseProj-resources.sh",
				"${PODS_ROOT}/IQKeyboardManager/IQKeyboardManager/Resources/IQKeyboardManager.bundle",
				"${PODS_ROOT}/MJRefresh/MJRefresh/MJRefresh.bundle",
			);
			name = "[CP] Copy Pods Resources";
			outputPaths = (
				"${TARGET_BUILD_DIR}/${UNLOCALIZED_RESOURCES_FOLDER_PATH}/IQKeyboardManager.bundle",
				"${TARGET_BUILD_DIR}/${UNLOCALIZED_RESOURCES_FOLDER_PATH}/MJRefresh.bundle",
			);
			runOnlyForDeploymentPostprocessing = 0;
			shellPath = /bin/sh;
			shellScript = "\"${SRCROOT}/Pods/Target Support Files/Pods-BaseProj/Pods-BaseProj-resources.sh\"\n";
			showEnvVarsInLog = 0;
		};
		67F7CC6D643D530B2C5E2273 /* [CP] Check Pods Manifest.lock */ = {
			isa = PBXShellScriptBuildPhase;
			buildActionMask = 2147483647;
			files = (
			);
			inputPaths = (
				"${PODS_PODFILE_DIR_PATH}/Podfile.lock",
				"${PODS_ROOT}/Manifest.lock",
			);
			name = "[CP] Check Pods Manifest.lock";
			outputPaths = (
				"$(DERIVED_FILE_DIR)/Pods-BaseProjUITests-checkManifestLockResult.txt",
			);
			runOnlyForDeploymentPostprocessing = 0;
			shellPath = /bin/sh;
			shellScript = "diff \"${PODS_PODFILE_DIR_PATH}/Podfile.lock\" \"${PODS_ROOT}/Manifest.lock\" > /dev/null\nif [ $? != 0 ] ; then\n    # print error to STDERR\n    echo \"error: The sandbox is not in sync with the Podfile.lock. Run 'pod install' or update your CocoaPods installation.\" >&2\n    exit 1\nfi\n# This output is used by Xcode 'outputs' to avoid re-running this script phase.\necho \"SUCCESS\" > \"${SCRIPT_OUTPUT_FILE_0}\"\n";
			showEnvVarsInLog = 0;
		};
		B576B4ADA70B4C77DF721D21 /* [CP] Check Pods Manifest.lock */ = {
			isa = PBXShellScriptBuildPhase;
			buildActionMask = 2147483647;
			files = (
			);
			inputPaths = (
				"${PODS_PODFILE_DIR_PATH}/Podfile.lock",
				"${PODS_ROOT}/Manifest.lock",
			);
			name = "[CP] Check Pods Manifest.lock";
			outputPaths = (
				"$(DERIVED_FILE_DIR)/Pods-BaseProjTests-checkManifestLockResult.txt",
			);
			runOnlyForDeploymentPostprocessing = 0;
			shellPath = /bin/sh;
			shellScript = "diff \"${PODS_PODFILE_DIR_PATH}/Podfile.lock\" \"${PODS_ROOT}/Manifest.lock\" > /dev/null\nif [ $? != 0 ] ; then\n    # print error to STDERR\n    echo \"error: The sandbox is not in sync with the Podfile.lock. Run 'pod install' or update your CocoaPods installation.\" >&2\n    exit 1\nfi\n# This output is used by Xcode 'outputs' to avoid re-running this script phase.\necho \"SUCCESS\" > \"${SCRIPT_OUTPUT_FILE_0}\"\n";
			showEnvVarsInLog = 0;
		};
/* End PBXShellScriptBuildPhase section */

/* Begin PBXSourcesBuildPhase section */
		D9E0D30021D1BE8100A03E2C /* Sources */ = {
			isa = PBXSourcesBuildPhase;
			buildActionMask = 2147483647;
			files = (
				D9E0D37E21D1CE4800A03E2C /* UserNotice.m in Sources */,
				D9E0D34921D1BEAA00A03E2C /* UIView+KGViewExtend.m in Sources */,
				D9E0D37C21D1CE4800A03E2C /* LoginCtr.m in Sources */,
				D9E0D35A21D1C29300A03E2C /* AppAlertView.m in Sources */,
				D9E0D34721D1BEAA00A03E2C /* NSDictionary+CheakValue.m in Sources */,
				D9E0D30C21D1BE8100A03E2C /* ViewController.m in Sources */,
				D9E0D34A21D1BEAA00A03E2C /* UIColor+RGB.m in Sources */,
				D9E0D37D21D1CE4800A03E2C /* RegisterCtr.m in Sources */,
				D9E0D34B21D1BEAA00A03E2C /* NSString+Cheak.m in Sources */,
				D9E0D31721D1BE8300A03E2C /* main.m in Sources */,
				D9E0D36E21D1C35300A03E2C /* HeadView.m in Sources */,
				D9E0D30921D1BE8100A03E2C /* AppDelegate.m in Sources */,
				D9E0D34621D1BEAA00A03E2C /* UIView+capture.m in Sources */,
				D9E0D34821D1BEAA00A03E2C /* UIIamge+FixOrien.m in Sources */,
				D9E0D35221D1C23400A03E2C /* RequestManger.m in Sources */,
				D9E0D38021D1CE4800A03E2C /* BangDingCtr.m in Sources */,
				D9E0D37121D1C36900A03E2C /* MainCtr.m in Sources */,
				D9E0D35721D1C24E00A03E2C /* GLineView.m in Sources */,
			);
			runOnlyForDeploymentPostprocessing = 0;
		};
		D9E0D31821D1BE8300A03E2C /* Sources */ = {
			isa = PBXSourcesBuildPhase;
			buildActionMask = 2147483647;
			files = (
				D9E0D32121D1BE8300A03E2C /* BaseProjTests.m in Sources */,
			);
			runOnlyForDeploymentPostprocessing = 0;
		};
		D9E0D32321D1BE8300A03E2C /* Sources */ = {
			isa = PBXSourcesBuildPhase;
			buildActionMask = 2147483647;
			files = (
				D9E0D32C21D1BE8300A03E2C /* BaseProjUITests.m in Sources */,
			);
			runOnlyForDeploymentPostprocessing = 0;
		};
/* End PBXSourcesBuildPhase section */

/* Begin PBXTargetDependency section */
		D9E0D31E21D1BE8300A03E2C /* PBXTargetDependency */ = {
			isa = PBXTargetDependency;
			target = D9E0D30321D1BE8100A03E2C /* BaseProj */;
			targetProxy = D9E0D31D21D1BE8300A03E2C /* PBXContainerItemProxy */;
		};
		D9E0D32921D1BE8300A03E2C /* PBXTargetDependency */ = {
			isa = PBXTargetDependency;
			target = D9E0D30321D1BE8100A03E2C /* BaseProj */;
			targetProxy = D9E0D32821D1BE8300A03E2C /* PBXContainerItemProxy */;
		};
/* End PBXTargetDependency section */

/* Begin PBXVariantGroup section */
		D9E0D30D21D1BE8100A03E2C /* Main.storyboard */ = {
			isa = PBXVariantGroup;
			children = (
				D9E0D30E21D1BE8100A03E2C /* Base */,
			);
			name = Main.storyboard;
			sourceTree = "<group>";
		};
		D9E0D31221D1BE8200A03E2C /* LaunchScreen.storyboard */ = {
			isa = PBXVariantGroup;
			children = (
				D9E0D31321D1BE8200A03E2C /* Base */,
			);
			name = LaunchScreen.storyboard;
			sourceTree = "<group>";
		};
/* End PBXVariantGroup section */

/* Begin XCBuildConfiguration section */
		D9E0D32E21D1BE8300A03E2C /* Debug */ = {
			isa = XCBuildConfiguration;
			buildSettings = {
				ALWAYS_SEARCH_USER_PATHS = NO;
				CLANG_ANALYZER_NONNULL = YES;
				CLANG_ANALYZER_NUMBER_OBJECT_CONVERSION = YES_AGGRESSIVE;
				CLANG_CXX_LANGUAGE_STANDARD = "gnu++14";
				CLANG_CXX_LIBRARY = "libc++";
				CLANG_ENABLE_MODULES = YES;
				CLANG_ENABLE_OBJC_ARC = YES;
				CLANG_ENABLE_OBJC_WEAK = YES;
				CLANG_WARN_BLOCK_CAPTURE_AUTORELEASING = YES;
				CLANG_WARN_BOOL_CONVERSION = YES;
				CLANG_WARN_COMMA = YES;
				CLANG_WARN_CONSTANT_CONVERSION = YES;
				CLANG_WARN_DEPRECATED_OBJC_IMPLEMENTATIONS = YES;
				CLANG_WARN_DIRECT_OBJC_ISA_USAGE = YES_ERROR;
				CLANG_WARN_DOCUMENTATION_COMMENTS = YES;
				CLANG_WARN_EMPTY_BODY = YES;
				CLANG_WARN_ENUM_CONVERSION = YES;
				CLANG_WARN_INFINITE_RECURSION = YES;
				CLANG_WARN_INT_CONVERSION = YES;
				CLANG_WARN_NON_LITERAL_NULL_CONVERSION = YES;
				CLANG_WARN_OBJC_IMPLICIT_RETAIN_SELF = YES;
				CLANG_WARN_OBJC_LITERAL_CONVERSION = YES;
				CLANG_WARN_OBJC_ROOT_CLASS = YES_ERROR;
				CLANG_WARN_RANGE_LOOP_ANALYSIS = YES;
				CLANG_WARN_STRICT_PROTOTYPES = YES;
				CLANG_WARN_SUSPICIOUS_MOVE = YES;
				CLANG_WARN_UNGUARDED_AVAILABILITY = YES_AGGRESSIVE;
				CLANG_WARN_UNREACHABLE_CODE = YES;
				CLANG_WARN__DUPLICATE_METHOD_MATCH = YES;
				CODE_SIGN_IDENTITY = "iPhone Developer";
				COPY_PHASE_STRIP = NO;
				DEBUG_INFORMATION_FORMAT = dwarf;
				ENABLE_STRICT_OBJC_MSGSEND = YES;
				ENABLE_TESTABILITY = YES;
				GCC_C_LANGUAGE_STANDARD = gnu11;
				GCC_DYNAMIC_NO_PIC = NO;
				GCC_NO_COMMON_BLOCKS = YES;
				GCC_OPTIMIZATION_LEVEL = 0;
				GCC_PRECOMPILE_PREFIX_HEADER = YES;
				GCC_PREPROCESSOR_DEFINITIONS = (
					"DEBUG=1",
					"$(inherited)",
				);
				GCC_WARN_64_TO_32_BIT_CONVERSION = YES;
				GCC_WARN_ABOUT_RETURN_TYPE = YES_ERROR;
				GCC_WARN_UNDECLARED_SELECTOR = YES;
				GCC_WARN_UNINITIALIZED_AUTOS = YES_AGGRESSIVE;
				GCC_WARN_UNUSED_FUNCTION = YES;
				GCC_WARN_UNUSED_VARIABLE = YES;
				IPHONEOS_DEPLOYMENT_TARGET = 12.0;
				MTL_ENABLE_DEBUG_INFO = INCLUDE_SOURCE;
				MTL_FAST_MATH = YES;
				ONLY_ACTIVE_ARCH = YES;
				SDKROOT = iphoneos;
			};
			name = Debug;
		};
		D9E0D32F21D1BE8300A03E2C /* Release */ = {
			isa = XCBuildConfiguration;
			buildSettings = {
				ALWAYS_SEARCH_USER_PATHS = NO;
				CLANG_ANALYZER_NONNULL = YES;
				CLANG_ANALYZER_NUMBER_OBJECT_CONVERSION = YES_AGGRESSIVE;
				CLANG_CXX_LANGUAGE_STANDARD = "gnu++14";
				CLANG_CXX_LIBRARY = "libc++";
				CLANG_ENABLE_MODULES = YES;
				CLANG_ENABLE_OBJC_ARC = YES;
				CLANG_ENABLE_OBJC_WEAK = YES;
				CLANG_WARN_BLOCK_CAPTURE_AUTORELEASING = YES;
				CLANG_WARN_BOOL_CONVERSION = YES;
				CLANG_WARN_COMMA = YES;
				CLANG_WARN_CONSTANT_CONVERSION = YES;
				CLANG_WARN_DEPRECATED_OBJC_IMPLEMENTATIONS = YES;
				CLANG_WARN_DIRECT_OBJC_ISA_USAGE = YES_ERROR;
				CLANG_WARN_DOCUMENTATION_COMMENTS = YES;
				CLANG_WARN_EMPTY_BODY = YES;
				CLANG_WARN_ENUM_CONVERSION = YES;
				CLANG_WARN_INFINITE_RECURSION = YES;
				CLANG_WARN_INT_CONVERSION = YES;
				CLANG_WARN_NON_LITERAL_NULL_CONVERSION = YES;
				CLANG_WARN_OBJC_IMPLICIT_RETAIN_SELF = YES;
				CLANG_WARN_OBJC_LITERAL_CONVERSION = YES;
				CLANG_WARN_OBJC_ROOT_CLASS = YES_ERROR;
				CLANG_WARN_RANGE_LOOP_ANALYSIS = YES;
				CLANG_WARN_STRICT_PROTOTYPES = YES;
				CLANG_WARN_SUSPICIOUS_MOVE = YES;
				CLANG_WARN_UNGUARDED_AVAILABILITY = YES_AGGRESSIVE;
				CLANG_WARN_UNREACHABLE_CODE = YES;
				CLANG_WARN__DUPLICATE_METHOD_MATCH = YES;
				CODE_SIGN_IDENTITY = "iPhone Developer";
				COPY_PHASE_STRIP = NO;
				DEBUG_INFORMATION_FORMAT = "dwarf-with-dsym";
				ENABLE_NS_ASSERTIONS = NO;
				ENABLE_STRICT_OBJC_MSGSEND = YES;
				GCC_C_LANGUAGE_STANDARD = gnu11;
				GCC_NO_COMMON_BLOCKS = YES;
				GCC_PRECOMPILE_PREFIX_HEADER = YES;
				GCC_WARN_64_TO_32_BIT_CONVERSION = YES;
				GCC_WARN_ABOUT_RETURN_TYPE = YES_ERROR;
				GCC_WARN_UNDECLARED_SELECTOR = YES;
				GCC_WARN_UNINITIALIZED_AUTOS = YES_AGGRESSIVE;
				GCC_WARN_UNUSED_FUNCTION = YES;
				GCC_WARN_UNUSED_VARIABLE = YES;
				IPHONEOS_DEPLOYMENT_TARGET = 12.0;
				MTL_ENABLE_DEBUG_INFO = NO;
				MTL_FAST_MATH = YES;
				SDKROOT = iphoneos;
				VALIDATE_PRODUCT = YES;
			};
			name = Release;
		};
		D9E0D33121D1BE8300A03E2C /* Debug */ = {
			isa = XCBuildConfiguration;
			baseConfigurationReference = 66D4E91562BBD8C344D2A0A9 /* Pods-BaseProj.debug.xcconfig */;
			buildSettings = {
				ASSETCATALOG_COMPILER_APPICON_NAME = AppIcon;
				CODE_SIGN_STYLE = Automatic;
				GCC_PREFIX_HEADER = "$(SRCROOT)/BaseProj/PrefixHeader.pch";
				INFOPLIST_FILE = BaseProj/Info.plist;
				IPHONEOS_DEPLOYMENT_TARGET = 9.0;
				LD_RUNPATH_SEARCH_PATHS = (
					"$(inherited)",
					"@executable_path/Frameworks",
				);
				PRODUCT_BUNDLE_IDENTIFIER = zhujunyu.com.cn.BaseProj;
				PRODUCT_NAME = "$(TARGET_NAME)";
				TARGETED_DEVICE_FAMILY = 1;
			};
			name = Debug;
		};
		D9E0D33221D1BE8300A03E2C /* Release */ = {
			isa = XCBuildConfiguration;
			baseConfigurationReference = 68AACB7C483975F0A237033E /* Pods-BaseProj.release.xcconfig */;
			buildSettings = {
				ASSETCATALOG_COMPILER_APPICON_NAME = AppIcon;
				CODE_SIGN_STYLE = Automatic;
				GCC_PREFIX_HEADER = "$(SRCROOT)/BaseProj/PrefixHeader.pch";
				INFOPLIST_FILE = BaseProj/Info.plist;
				IPHONEOS_DEPLOYMENT_TARGET = 9.0;
				LD_RUNPATH_SEARCH_PATHS = (
					"$(inherited)",
					"@executable_path/Frameworks",
				);
				PRODUCT_BUNDLE_IDENTIFIER = zhujunyu.com.cn.BaseProj;
				PRODUCT_NAME = "$(TARGET_NAME)";
				TARGETED_DEVICE_FAMILY = 1;
			};
			name = Release;
		};
		D9E0D33421D1BE8300A03E2C /* Debug */ = {
			isa = XCBuildConfiguration;
			baseConfigurationReference = E1DAD101EB2F5962AA126302 /* Pods-BaseProjTests.debug.xcconfig */;
			buildSettings = {
				BUNDLE_LOADER = "$(TEST_HOST)";
				CODE_SIGN_STYLE = Automatic;
				INFOPLIST_FILE = BaseProjTests/Info.plist;
				LD_RUNPATH_SEARCH_PATHS = (
					"$(inherited)",
					"@executable_path/Frameworks",
					"@loader_path/Frameworks",
				);
				PRODUCT_BUNDLE_IDENTIFIER = zhujunyu.com.cn.BaseProjTests;
				PRODUCT_NAME = "$(TARGET_NAME)";
				TARGETED_DEVICE_FAMILY = "1,2";
				TEST_HOST = "$(BUILT_PRODUCTS_DIR)/BaseProj.app/BaseProj";
			};
			name = Debug;
		};
		D9E0D33521D1BE8300A03E2C /* Release */ = {
			isa = XCBuildConfiguration;
			baseConfigurationReference = E726F1A9E6C7793AD6126438 /* Pods-BaseProjTests.release.xcconfig */;
			buildSettings = {
				BUNDLE_LOADER = "$(TEST_HOST)";
				CODE_SIGN_STYLE = Automatic;
				INFOPLIST_FILE = BaseProjTests/Info.plist;
				LD_RUNPATH_SEARCH_PATHS = (
					"$(inherited)",
					"@executable_path/Frameworks",
					"@loader_path/Frameworks",
				);
				PRODUCT_BUNDLE_IDENTIFIER = zhujunyu.com.cn.BaseProjTests;
				PRODUCT_NAME = "$(TARGET_NAME)";
				TARGETED_DEVICE_FAMILY = "1,2";
				TEST_HOST = "$(BUILT_PRODUCTS_DIR)/BaseProj.app/BaseProj";
			};
			name = Release;
		};
		D9E0D33721D1BE8300A03E2C /* Debug */ = {
			isa = XCBuildConfiguration;
			baseConfigurationReference = 385717E47563B25AF1841713 /* Pods-BaseProjUITests.debug.xcconfig */;
			buildSettings = {
				CODE_SIGN_STYLE = Automatic;
				INFOPLIST_FILE = BaseProjUITests/Info.plist;
				LD_RUNPATH_SEARCH_PATHS = (
					"$(inherited)",
					"@executable_path/Frameworks",
					"@loader_path/Frameworks",
				);
				PRODUCT_BUNDLE_IDENTIFIER = zhujunyu.com.cn.BaseProjUITests;
				PRODUCT_NAME = "$(TARGET_NAME)";
				TARGETED_DEVICE_FAMILY = "1,2";
				TEST_TARGET_NAME = BaseProj;
			};
			name = Debug;
		};
		D9E0D33821D1BE8300A03E2C /* Release */ = {
			isa = XCBuildConfiguration;
			baseConfigurationReference = F213EC339A6F011C712F1219 /* Pods-BaseProjUITests.release.xcconfig */;
			buildSettings = {
				CODE_SIGN_STYLE = Automatic;
				INFOPLIST_FILE = BaseProjUITests/Info.plist;
				LD_RUNPATH_SEARCH_PATHS = (
					"$(inherited)",
					"@executable_path/Frameworks",
					"@loader_path/Frameworks",
				);
				PRODUCT_BUNDLE_IDENTIFIER = zhujunyu.com.cn.BaseProjUITests;
				PRODUCT_NAME = "$(TARGET_NAME)";
				TARGETED_DEVICE_FAMILY = "1,2";
				TEST_TARGET_NAME = BaseProj;
			};
			name = Release;
		};
/* End XCBuildConfiguration section */

/* Begin XCConfigurationList section */
		D9E0D2FF21D1BE8100A03E2C /* Build configuration list for PBXProject "BaseProj" */ = {
			isa = XCConfigurationList;
			buildConfigurations = (
				D9E0D32E21D1BE8300A03E2C /* Debug */,
				D9E0D32F21D1BE8300A03E2C /* Release */,
			);
			defaultConfigurationIsVisible = 0;
			defaultConfigurationName = Release;
		};
		D9E0D33021D1BE8300A03E2C /* Build configuration list for PBXNativeTarget "BaseProj" */ = {
			isa = XCConfigurationList;
			buildConfigurations = (
				D9E0D33121D1BE8300A03E2C /* Debug */,
				D9E0D33221D1BE8300A03E2C /* Release */,
			);
			defaultConfigurationIsVisible = 0;
			defaultConfigurationName = Release;
		};
		D9E0D33321D1BE8300A03E2C /* Build configuration list for PBXNativeTarget "BaseProjTests" */ = {
			isa = XCConfigurationList;
			buildConfigurations = (
				D9E0D33421D1BE8300A03E2C /* Debug */,
				D9E0D33521D1BE8300A03E2C /* Release */,
			);
			defaultConfigurationIsVisible = 0;
			defaultConfigurationName = Release;
		};
		D9E0D33621D1BE8300A03E2C /* Build configuration list for PBXNativeTarget "BaseProjUITests" */ = {
			isa = XCConfigurationList;
			buildConfigurations = (
				D9E0D33721D1BE8300A03E2C /* Debug */,
				D9E0D33821D1BE8300A03E2C /* Release */,
			);
			defaultConfigurationIsVisible = 0;
			defaultConfigurationName = Release;
		};
/* End XCConfigurationList section */
	};
	rootObject = D9E0D2FC21D1BE8100A03E2C /* Project object */;
}
